// !$*UTF8*$!
{
	archiveVersion = 1;
	classes = {
	};
	objectVersion = 50;
	objects = {

/* Begin PBXBuildFile section */
		26285E67C51DF901EB495057 /* Pods_Admob.framework in Frameworks */ = {isa = PBXBuildFile; fileRef = 28F5F360D5575BF98C77E09C /* Pods_Admob.framework */; };
		959AA4192356D4D9008F46CA /* AppDelegate.swift in Sources */ = {isa = PBXBuildFile; fileRef = 959AA4182356D4D9008F46CA /* AppDelegate.swift */; };
		959AA41B2356D4D9008F46CA /* SceneDelegate.swift in Sources */ = {isa = PBXBuildFile; fileRef = 959AA41A2356D4D9008F46CA /* SceneDelegate.swift */; };
		959AA41D2356D4D9008F46CA /* ContentView.swift in Sources */ = {isa = PBXBuildFile; fileRef = 959AA41C2356D4D9008F46CA /* ContentView.swift */; };
		959AA41F2356D4DA008F46CA /* Assets.xcassets in Resources */ = {isa = PBXBuildFile; fileRef = 959AA41E2356D4DA008F46CA /* Assets.xcassets */; };
		959AA4222356D4DA008F46CA /* Preview Assets.xcassets in Resources */ = {isa = PBXBuildFile; fileRef = 959AA4212356D4DA008F46CA /* Preview Assets.xcassets */; };
		959AA4252356D4DA008F46CA /* LaunchScreen.storyboard in Resources */ = {isa = PBXBuildFile; fileRef = 959AA4232356D4DA008F46CA /* LaunchScreen.storyboard */; };
/* End PBXBuildFile section */

/* Begin PBXFileReference section */
		28F5F360D5575BF98C77E09C /* Pods_Admob.framework */ = {isa = PBXFileReference; explicitFileType = wrapper.framework; includeInIndex = 0; path = Pods_Admob.framework; sourceTree = BUILT_PRODUCTS_DIR; };
		40F727595D9AA0B33E3AB841 /* Pods-Admob.debug.xcconfig */ = {isa = PBXFileReference; includeInIndex = 1; lastKnownFileType = text.xcconfig; name = "Pods-Admob.debug.xcconfig"; path = "Target Support Files/Pods-Admob/Pods-Admob.debug.xcconfig"; sourceTree = "<group>"; };
		8C74BE90C6265C957A55799A /* Pods-Admob.release.xcconfig */ = {isa = PBXFileReference; includeInIndex = 1; lastKnownFileType = text.xcconfig; name = "Pods-Admob.release.xcconfig"; path = "Target Support Files/Pods-Admob/Pods-Admob.release.xcconfig"; sourceTree = "<group>"; };
		959AA4152356D4D9008F46CA /* Admob.app */ = {isa = PBXFileReference; explicitFileType = wrapper.application; includeInIndex = 0; path = Admob.app; sourceTree = BUILT_PRODUCTS_DIR; };
		959AA4182356D4D9008F46CA /* AppDelegate.swift */ = {isa = PBXFileReference; lastKnownFileType = sourcecode.swift; path = AppDelegate.swift; sourceTree = "<group>"; };
		959AA41A2356D4D9008F46CA /* SceneDelegate.swift */ = {isa = PBXFileReference; lastKnownFileType = sourcecode.swift; path = SceneDelegate.swift; sourceTree = "<group>"; };
		959AA41C2356D4D9008F46CA /* ContentView.swift */ = {isa = PBXFileReference; lastKnownFileType = sourcecode.swift; path = ContentView.swift; sourceTree = "<group>"; };
		959AA41E2356D4DA008F46CA /* Assets.xcassets */ = {isa = PBXFileReference; lastKnownFileType = folder.assetcatalog; path = Assets.xcassets; sourceTree = "<group>"; };
		959AA4212356D4DA008F46CA /* Preview Assets.xcassets */ = {isa = PBXFileReference; lastKnownFileType = folder.assetcatalog; path = "Preview Assets.xcassets"; sourceTree = "<group>"; };
		959AA4242356D4DA008F46CA /* Base */ = {isa = PBXFileReference; lastKnownFileType = file.storyboard; name = Base; path = Base.lproj/LaunchScreen.storyboard; sourceTree = "<group>"; };
		959AA4262356D4DA008F46CA /* Info.plist */ = {isa = PBXFileReference; lastKnownFileType = text.plist.xml; path = Info.plist; sourceTree = "<group>"; };
/* End PBXFileReference section */

/* Begin PBXFrameworksBuildPhase section */
		959AA4122356D4D9008F46CA /* Frameworks */ = {
			isa = PBXFrameworksBuildPhase;
			buildActionMask = 2147483647;
			files = (
				26285E67C51DF901EB495057 /* Pods_Admob.framework in Frameworks */,
			);
			runOnlyForDeploymentPostprocessing = 0;
		};
/* End PBXFrameworksBuildPhase section */

/* Begin PBXGroup section */
		05CD962F3F5178656447884E /* Frameworks */ = {
			isa = PBXGroup;
			children = (
				28F5F360D5575BF98C77E09C /* Pods_Admob.framework */,
			);
			name = Frameworks;
			sourceTree = "<group>";
		};
		63F6DED14C0526EB546B1A69 /* Pods */ = {
			isa = PBXGroup;
			children = (
				40F727595D9AA0B33E3AB841 /* Pods-Admob.debug.xcconfig */,
				8C74BE90C6265C957A55799A /* Pods-Admob.release.xcconfig */,
			);
			name = Pods;
			path = Pods;
			sourceTree = "<group>";
		};
		959AA40C2356D4D9008F46CA = {
			isa = PBXGroup;
			children = (
				959AA4172356D4D9008F46CA /* Admob */,
				959AA4162356D4D9008F46CA /* Products */,
				63F6DED14C0526EB546B1A69 /* Pods */,
				05CD962F3F5178656447884E /* Frameworks */,
			);
			sourceTree = "<group>";
		};
		959AA4162356D4D9008F46CA /* Products */ = {
			isa = PBXGroup;
			children = (
				959AA4152356D4D9008F46CA /* Admob.app */,
			);
			name = Products;
			sourceTree = "<group>";
		};
		959AA4172356D4D9008F46CA /* Admob */ = {
			isa = PBXGroup;
			children = (
				959AA4182356D4D9008F46CA /* AppDelegate.swift */,
				959AA41A2356D4D9008F46CA /* SceneDelegate.swift */,
				959AA41C2356D4D9008F46CA /* ContentView.swift */,
				959AA41E2356D4DA008F46CA /* Assets.xcassets */,
				959AA4232356D4DA008F46CA /* LaunchScreen.storyboard */,
				959AA4262356D4DA008F46CA /* Info.plist */,
				959AA4202356D4DA008F46CA /* Preview Content */,
			);
			path = Admob;
			sourceTree = "<group>";
		};
		959AA4202356D4DA008F46CA /* Preview Content */ = {
			isa = PBXGroup;
			children = (
				959AA4212356D4DA008F46CA /* Preview Assets.xcassets */,
			);
			path = "Preview Content";
			sourceTree = "<group>";
		};
/* End PBXGroup section */

/* Begin PBXNativeTarget section */
		959AA4142356D4D9008F46CA /* Admob */ = {
			isa = PBXNativeTarget;
			buildConfigurationList = 959AA4292356D4DA008F46CA /* Build configuration list for PBXNativeTarget "Admob" */;
			buildPhases = (
				ED0A1734DB4810E257AD327E /* [CP] Check Pods Manifest.lock */,
				959AA4112356D4D9008F46CA /* Sources */,
				959AA4122356D4D9008F46CA /* Frameworks */,
				959AA4132356D4D9008F46CA /* Resources */,
				E8C7C79ADDE928740590943E /* [CP] Embed Pods Frameworks */,
			);
			buildRules = (
			);
			dependencies = (
			);
			name = Admob;
			productName = Admob;
			productReference = 959AA4152356D4D9008F46CA /* Admob.app */;
			productType = "com.apple.product-type.application";
		};
/* End PBXNativeTarget section */

/* Begin PBXProject section */
		959AA40D2356D4D9008F46CA /* Project object */ = {
			isa = PBXProject;
			attributes = {
				LastSwiftUpdateCheck = 1100;
				LastUpgradeCheck = 1100;
				ORGANIZATIONNAME = com.ri;
				TargetAttributes = {
					959AA4142356D4D9008F46CA = {
						CreatedOnToolsVersion = 11.0;
					};
				};
			};
			buildConfigurationList = 959AA4102356D4D9008F46CA /* Build configuration list for PBXProject "Admob" */;
			compatibilityVersion = "Xcode 9.3";
			developmentRegion = en;
			hasScannedForEncodings = 0;
			knownRegions = (
				en,
				Base,
			);
			mainGroup = 959AA40C2356D4D9008F46CA;
			productRefGroup = 959AA4162356D4D9008F46CA /* Products */;
			projectDirPath = "";
			projectRoot = "";
			targets = (
				959AA4142356D4D9008F46CA /* Admob */,
			);
		};
/* End PBXProject section */

/* Begin PBXResourcesBuildPhase section */
		959AA4132356D4D9008F46CA /* Resources */ = {
			isa = PBXResourcesBuildPhase;
			buildActionMask = 2147483647;
			files = (
				959AA4252356D4DA008F46CA /* LaunchScreen.storyboard in Resources */,
				959AA4222356D4DA008F46CA /* Preview Assets.xcassets in Resources */,
				959AA41F2356D4DA008F46CA /* Assets.xcassets in Resources */,
			);
			runOnlyForDeploymentPostprocessing = 0;
		};
/* End PBXResourcesBuildPhase section */

/* Begin PBXShellScriptBuildPhase section */
		E8C7C79ADDE928740590943E /* [CP] Embed Pods Frameworks */ = {
			isa = PBXShellScriptBuildPhase;
			buildActionMask = 2147483647;
			files = (
			);
			inputFileListPaths = (
				"${PODS_ROOT}/Target Support Files/Pods-Admob/Pods-Admob-frameworks-${CONFIGURATION}-input-files.xcfilelist",
			);
			name = "[CP] Embed Pods Frameworks";
			outputFileListPaths = (
				"${PODS_ROOT}/Target Support Files/Pods-Admob/Pods-Admob-frameworks-${CONFIGURATION}-output-files.xcfilelist",
			);
			runOnlyForDeploymentPostprocessing = 0;
			shellPath = /bin/sh;
			shellScript = "\"${PODS_ROOT}/Target Support Files/Pods-Admob/Pods-Admob-frameworks.sh\"\n";
			showEnvVarsInLog = 0;
		};
		ED0A1734DB4810E257AD327E /* [CP] Check Pods Manifest.lock */ = {
			isa = PBXShellScriptBuildPhase;
			buildActionMask = 2147483647;
			files = (
			);
			inputFileListPaths = (
			);
			inputPaths = (
				"${PODS_PODFILE_DIR_PATH}/Podfile.lock",
				"${PODS_ROOT}/Manifest.lock",
			);
			name = "[CP] Check Pods Manifest.lock";
			outputFileListPaths = (
			);
			outputPaths = (
				"$(DERIVED_FILE_DIR)/Pods-Admob-checkManifestLockResult.txt",
			);
			runOnlyForDeploymentPostprocessing = 0;
			shellPath = /bin/sh;
			shellScript = "diff \"${PODS_PODFILE_DIR_PATH}/Podfile.lock\" \"${PODS_ROOT}/Manifest.lock\" > /dev/null\nif [ $? != 0 ] ; then\n    # print error to STDERR\n    echo \"error: The sandbox is not in sync with the Podfile.lock. Run 'pod install' or update your CocoaPods installation.\" >&2\n    exit 1\nfi\n# This output is used by Xcode 'outputs' to avoid re-running this script phase.\necho \"SUCCESS\" > \"${SCRIPT_OUTPUT_FILE_0}\"\n";
			showEnvVarsInLog = 0;
		};
/* End PBXShellScriptBuildPhase section */

/* Begin PBXSourcesBuildPhase section */
		959AA4112356D4D9008F46CA /* Sources */ = {
			isa = PBXSourcesBuildPhase;
			buildActionMask = 2147483647;
			files = (
				959AA4192356D4D9008F46CA /* AppDelegate.swift in Sources */,
				959AA41B2356D4D9008F46CA /* SceneDelegate.swift in Sources */,
				959AA41D2356D4D9008F46CA /* ContentView.swift in Sources */,
			);
			runOnlyForDeploymentPostprocessing = 0;
		};
/* End PBXSourcesBuildPhase section */

/* Begin PBXVariantGroup section */
		959AA4232356D4DA008F46CA /* LaunchScreen.storyboard */ = {
			isa = PBXVariantGroup;
			children = (
				959AA4242356D4DA008F46CA /* Base */,
			);
			name = LaunchScreen.storyboard;
			sourceTree = "<group>";
		};
/* End PBXVariantGroup section */

/* Begin XCBuildConfiguration section */
		959AA4272356D4DA008F46CA /* Debug */ = {
			isa = XCBuildConfiguration;
			buildSettings = {
				ALWAYS_SEARCH_USER_PATHS = NO;
				CLANG_ANALYZER_NONNULL = YES;
				CLANG_ANALYZER_NUMBER_OBJECT_CONVERSION = YES_AGGRESSIVE;
				CLANG_CXX_LANGUAGE_STANDARD = "gnu++14";
				CLANG_CXX_LIBRARY = "libc++";
				CLANG_ENABLE_MODULES = YES;
				CLANG_ENABLE_OBJC_ARC = YES;
				CLANG_ENABLE_OBJC_WEAK = YES;
				CLANG_WARN_BLOCK_CAPTURE_AUTORELEASING = YES;
				CLANG_WARN_BOOL_CONVERSION = YES;
				CLANG_WARN_COMMA = YES;
				CLANG_WARN_CONSTANT_CONVERSION = YES;
				CLANG_WARN_DEPRECATED_OBJC_IMPLEMENTATIONS = YES;
				CLANG_WARN_DIRECT_OBJC_ISA_USAGE = YES_ERROR;
				CLANG_WARN_DOCUMENTATION_COMMENTS = YES;
				CLANG_WARN_EMPTY_BODY = YES;
				CLANG_WARN_ENUM_CONVERSION = YES;
				CLANG_WARN_INFINITE_RECURSION = YES;
				CLANG_WARN_INT_CONVERSION = YES;
				CLANG_WARN_NON_LITERAL_NULL_CONVERSION = YES;
				CLANG_WARN_OBJC_IMPLICIT_RETAIN_SELF = YES;
				CLANG_WARN_OBJC_LITERAL_CONVERSION = YES;
				CLANG_WARN_OBJC_ROOT_CLASS = YES_ERROR;
				CLANG_WARN_RANGE_LOOP_ANALYSIS = YES;
				CLANG_WARN_STRICT_PROTOTYPES = YES;
				CLANG_WARN_SUSPICIOUS_MOVE = YES;
				CLANG_WARN_UNGUARDED_AVAILABILITY = YES_AGGRESSIVE;
				CLANG_WARN_UNREACHABLE_CODE = YES;
				CLANG_WARN__DUPLICATE_METHOD_MATCH = YES;
				COPY_PHASE_STRIP = NO;
				DEBUG_INFORMATION_FORMAT = dwarf;
				ENABLE_STRICT_OBJC_MSGSEND = YES;
				ENABLE_TESTABILITY = YES;
				GCC_C_LANGUAGE_STANDARD = gnu11;
				GCC_DYNAMIC_NO_PIC = NO;
				GCC_NO_COMMON_BLOCKS = YES;
				GCC_OPTIMIZATION_LEVEL = 0;
				GCC_PREPROCESSOR_DEFINITIONS = (
					"DEBUG=1",
					"$(inherited)",
				);
				GCC_WARN_64_TO_32_BIT_CONVERSION = YES;
				GCC_WARN_ABOUT_RETURN_TYPE = YES_ERROR;
				GCC_WARN_UNDECLARED_SELECTOR = YES;
				GCC_WARN_UNINITIALIZED_AUTOS = YES_AGGRESSIVE;
				GCC_WARN_UNUSED_FUNCTION = YES;
				GCC_WARN_UNUSED_VARIABLE = YES;
				IPHONEOS_DEPLOYMENT_TARGET = 13.0;
				MTL_ENABLE_DEBUG_INFO = INCLUDE_SOURCE;
				MTL_FAST_MATH = YES;
				ONLY_ACTIVE_ARCH = YES;
				SDKROOT = iphoneos;
				SWIFT_ACTIVE_COMPILATION_CONDITIONS = DEBUG;
				SWIFT_OPTIMIZATION_LEVEL = "-Onone";
			};
			name = Debug;
		};
		959AA4282356D4DA008F46CA /* Release */ = {
			isa = XCBuildConfiguration;
			buildSettings = {
				ALWAYS_SEARCH_USER_PATHS = NO;
				CLANG_ANALYZER_NONNULL = YES;
				CLANG_ANALYZER_NUMBER_OBJECT_CONVERSION = YES_AGGRESSIVE;
				CLANG_CXX_LANGUAGE_STANDARD = "gnu++14";
				CLANG_CXX_LIBRARY = "libc++";
				CLANG_ENABLE_MODULES = YES;
				CLANG_ENABLE_OBJC_ARC = YES;
				CLANG_ENABLE_OBJC_WEAK = YES;
				CLANG_WARN_BLOCK_CAPTURE_AUTORELEASING = YES;
				CLANG_WARN_BOOL_CONVERSION = YES;
				CLANG_WARN_COMMA = YES;
				CLANG_WARN_CONSTANT_CONVERSION = YES;
				CLANG_WARN_DEPRECATED_OBJC_IMPLEMENTATIONS = YES;
				CLANG_WARN_DIRECT_OBJC_ISA_USAGE = YES_ERROR;
				CLANG_WARN_DOCUMENTATION_COMMENTS = YES;
				CLANG_WARN_EMPTY_BODY = YES;
				CLANG_WARN_ENUM_CONVERSION = YES;
				CLANG_WARN_INFINITE_RECURSION = YES;
				CLANG_WARN_INT_CONVERSION = YES;
				CLANG_WARN_NON_LITERAL_NULL_CONVERSION = YES;
				CLANG_WARN_OBJC_IMPLICIT_RETAIN_SELF = YES;
				CLANG_WARN_OBJC_LITERAL_CONVERSION = YES;
				CLANG_WARN_OBJC_ROOT_CLASS = YES_ERROR;
				CLANG_WARN_RANGE_LOOP_ANALYSIS = YES;
				CLANG_WARN_STRICT_PROTOTYPES = YES;
				CLANG_WARN_SUSPICIOUS_MOVE = YES;
				CLANG_WARN_UNGUARDED_AVAILABILITY = YES_AGGRESSIVE;
				CLANG_WARN_UNREACHABLE_CODE = YES;
				CLANG_WARN__DUPLICATE_METHOD_MATCH = YES;
				COPY_PHASE_STRIP = NO;
				DEBUG_INFORMATION_FORMAT = "dwarf-with-dsym";
				ENABLE_NS_ASSERTIONS = NO;
				ENABLE_STRICT_OBJC_MSGSEND = YES;
				GCC_C_LANGUAGE_STANDARD = gnu11;
				GCC_NO_COMMON_BLOCKS = YES;
				GCC_WARN_64_TO_32_BIT_CONVERSION = YES;
				GCC_WARN_ABOUT_RETURN_TYPE = YES_ERROR;
				GCC_WARN_UNDECLARED_SELECTOR = YES;
				GCC_WARN_UNINITIALIZED_AUTOS = YES_AGGRESSIVE;
				GCC_WARN_UNUSED_FUNCTION = YES;
				GCC_WARN_UNUSED_VARIABLE = YES;
				IPHONEOS_DEPLOYMENT_TARGET = 13.0;
				MTL_ENABLE_DEBUG_INFO = NO;
				MTL_FAST_MATH = YES;
				SDKROOT = iphoneos;
				SWIFT_COMPILATION_MODE = wholemodule;
				SWIFT_OPTIMIZATION_LEVEL = "-O";
				VALIDATE_PRODUCT = YES;
			};
			name = Release;
		};
		959AA42A2356D4DA008F46CA /* Debug */ = {
			isa = XCBuildConfiguration;
			baseConfigurationReference = 40F727595D9AA0B33E3AB841 /* Pods-Admob.debug.xcconfig */;
			buildSettings = {
				ASSETCATALOG_COMPILER_APPICON_NAME = AppIcon;
				CODE_SIGN_STYLE = Automatic;
				DEVELOPMENT_ASSET_PATHS = "\"Admob/Preview Content\"";
				DEVELOPMENT_TEAM = L8W86DZDY2;
				ENABLE_PREVIEWS = YES;
				INFOPLIST_FILE = Admob/Info.plist;
				LD_RUNPATH_SEARCH_PATHS = (
					"$(inherited)",
					"@executable_path/Frameworks",
				);
				PRODUCT_BUNDLE_IDENTIFIER = com.ri.Admob;
				PRODUCT_NAME = "$(TARGET_NAME)";
				SWIFT_VERSION = 5.0;
				TARGETED_DEVICE_FAMILY = "1,2";
			};
			name = Debug;
		};
		959AA42B2356D4DA008F46CA /* Release */ = {
			isa = XCBuildConfiguration;
			baseConfigurationReference = 8C74BE90C6265C957A55799A /* Pods-Admob.release.xcconfig */;
			buildSettings = {
				ASSETCATALOG_COMPILER_APPICON_NAME = AppIcon;
				CODE_SIGN_STYLE = Automatic;
				DEVELOPMENT_ASSET_PATHS = "\"Admob/Preview Content\"";
				DEVELOPMENT_TEAM = L8W86DZDY2;
				ENABLE_PREVIEWS = YES;
				INFOPLIST_FILE = Admob/Info.plist;
				LD_RUNPATH_SEARCH_PATHS = (
					"$(inherited)",
					"@executable_path/Frameworks",
				);
				PRODUCT_BUNDLE_IDENTIFIER = com.ri.Admob;
				PRODUCT_NAME = "$(TARGET_NAME)";
				SWIFT_VERSION = 5.0;
				TARGETED_DEVICE_FAMILY = "1,2";
			};
			name = Release;
		};
/* End XCBuildConfiguration section */

/* Begin XCConfigurationList section */
		959AA4102356D4D9008F46CA /* Build configuration list for PBXProject "Admob" */ = {
			isa = XCConfigurationList;
			buildConfigurations = (
				959AA4272356D4DA008F46CA /* Debug */,
				959AA4282356D4DA008F46CA /* Release */,
			);
			defaultConfigurationIsVisible = 0;
			defaultConfigurationName = Release;
		};
		959AA4292356D4DA008F46CA /* Build configuration list for PBXNativeTarget "Admob" */ = {
			isa = XCConfigurationList;
			buildConfigurations = (
				959AA42A2356D4DA008F46CA /* Debug */,
				959AA42B2356D4DA008F46CA /* Release */,
			);
			defaultConfigurationIsVisible = 0;
			defaultConfigurationName = Release;
		};
/* End XCConfigurationList section */
	};
	rootObject = 959AA40D2356D4D9008F46CA /* Project object */;
}
